
Microsoft Visual Studio Solution File, Format Version 12.00
# Visual Studio 2012
Project("{FAE04EC0-301F-11D3-BF4B-00C04F79EFBC}") = "Csharp_4mac_benchmark", "Csharp_4mac_benchmark\Csharp_4mac_benchmark.csproj", "{69341040-E170-42D0-84E5-E642A0335F09}"
EndProject
Global
	GlobalSection(SolutionConfigurationPlatforms) = preSolution
		Debug|Any CPU = Debug|Any CPU
		Release|Any CPU = Release|Any CPU
		AppStore|Any CPU = AppStore|Any CPU
	EndGlobalSection
	GlobalSection(ProjectConfigurationPlatforms) = postSolution
		{69341040-E170-42D0-84E5-E642A0335F09}.AppStore|Any CPU.ActiveCfg = AppStore|Any CPU
		{69341040-E170-42D0-84E5-E642A0335F09}.AppStore|Any CPU.Build.0 = AppStore|Any CPU
		{69341040-E170-42D0-84E5-E642A0335F09}.Debug|Any CPU.ActiveCfg = Debug|Any CPU
		{69341040-E170-42D0-84E5-E642A0335F09}.Debug|Any CPU.Build.0 = Debug|Any CPU
		{69341040-E170-42D0-84E5-E642A0335F09}.Release|Any CPU.ActiveCfg = Release|Any CPU
		{69341040-E170-42D0-84E5-E642A0335F09}.Release|Any CPU.Build.0 = Release|Any CPU
	EndGlobalSection
EndGlobal
